
Microsoft Visual Studio Solution File, Format Version 12.00
# Visual Studio Version 16
VisualStudioVersion = 16.0.30503.244
MinimumVisualStudioVersion = 10.0.40219.1
Project("{FAE04EC0-301F-11D3-BF4B-00C04F79EFBC}") = "Client3", "Client3\Client3.csproj", "{7E1BFA82-671A-4D62-B5D0-F0C9A4BDFD0F}"
EndProject
Global
	GlobalSection(SolutionConfigurationPlatforms) = preSolution
		Debug|Any CPU = Debug|Any CPU
		Release|Any CPU = Release|Any CPU
	EndGlobalSection
	GlobalSection(ProjectConfigurationPlatforms) = postSolution
		{7E1BFA82-671A-4D62-B5D0-F0C9A4BDFD0F}.Debug|Any CPU.ActiveCfg = Debug|Any CPU
		{7E1BFA82-671A-4D62-B5D0-F0C9A4BDFD0F}.Debug|Any CPU.Build.0 = Debug|Any CPU
		{7E1BFA82-671A-4D62-B5D0-F0C9A4BDFD0F}.Release|Any CPU.ActiveCfg = Release|Any CPU
		{7E1BFA82-671A-4D62-B5D0-F0C9A4BDFD0F}.Release|Any CPU.Build.0 = Release|Any CPU
	EndGlobalSection
	GlobalSection(SolutionProperties) = preSolution
		HideSolutionNode = FALSE
	EndGlobalSection
	GlobalSection(ExtensibilityGlobals) = postSolution
		SolutionGuid = {15A1F171-B529-4074-8662-1E1914DBAA9E}
	EndGlobalSection
EndGlobal
