
Microsoft Visual Studio Solution File, Format Version 12.00
# Visual Studio Version 16
VisualStudioVersion = 16.0.31402.337
MinimumVisualStudioVersion = 10.0.40219.1
Project("{FAE04EC0-301F-11D3-BF4B-00C04F79EFBC}") = "laba1", "laba1\laba1.csproj", "{1D7FFE12-628A-425C-9427-562247E4F23D}"
EndProject
Global
	GlobalSection(SolutionConfigurationPlatforms) = preSolution
		Debug|Any CPU = Debug|Any CPU
		Release|Any CPU = Release|Any CPU
	EndGlobalSection
	GlobalSection(ProjectConfigurationPlatforms) = postSolution
		{1D7FFE12-628A-425C-9427-562247E4F23D}.Debug|Any CPU.ActiveCfg = Debug|Any CPU
		{1D7FFE12-628A-425C-9427-562247E4F23D}.Debug|Any CPU.Build.0 = Debug|Any CPU
		{1D7FFE12-628A-425C-9427-562247E4F23D}.Release|Any CPU.ActiveCfg = Release|Any CPU
		{1D7FFE12-628A-425C-9427-562247E4F23D}.Release|Any CPU.Build.0 = Release|Any CPU
	EndGlobalSection
	GlobalSection(SolutionProperties) = preSolution
		HideSolutionNode = FALSE
	EndGlobalSection
	GlobalSection(ExtensibilityGlobals) = postSolution
		SolutionGuid = {A232054C-B52D-46EE-A7FA-B48C3448A66B}
	EndGlobalSection
EndGlobal
